
Microsoft Visual Studio Solution File, Format Version 12.00
# Visual Studio Version 17
VisualStudioVersion = 17.4.33122.133
MinimumVisualStudioVersion = 10.0.40219.1
Project("{FAE04EC0-301F-11D3-BF4B-00C04F79EFBC}") = "Condition 2", "Condition 2.csproj", "{C5509B92-FBF6-48FC-9914-0173B15521E8}"
EndProject
Global
	GlobalSection(SolutionConfigurationPlatforms) = preSolution
		Debug|Any CPU = Debug|Any CPU
		Release|Any CPU = Release|Any CPU
	EndGlobalSection
	GlobalSection(ProjectConfigurationPlatforms) = postSolution
		{C5509B92-FBF6-48FC-9914-0173B15521E8}.Debug|Any CPU.ActiveCfg = Debug|Any CPU
		{C5509B92-FBF6-48FC-9914-0173B15521E8}.Debug|Any CPU.Build.0 = Debug|Any CPU
		{C5509B92-FBF6-48FC-9914-0173B15521E8}.Release|Any CPU.ActiveCfg = Release|Any CPU
		{C5509B92-FBF6-48FC-9914-0173B15521E8}.Release|Any CPU.Build.0 = Release|Any CPU
	EndGlobalSection
	GlobalSection(SolutionProperties) = preSolution
		HideSolutionNode = FALSE
	EndGlobalSection
	GlobalSection(ExtensibilityGlobals) = postSolution
		SolutionGuid = {C0A0FD6A-C376-4C81-949D-4EBFD8DFE033}
	EndGlobalSection
EndGlobal
